
Microsoft Visual Studio Solution File, Format Version 12.00
# Visual Studio Version 17
VisualStudioVersion = 17.13.35818.85
MinimumVisualStudioVersion = 10.0.40219.1
Project("{FAE04EC0-301F-11D3-BF4B-00C04F79EFBC}") = "PcBack", "PcBack\PcBack.csproj", "{7ABE29D1-9271-4F77-8F52-6FA41E7F8A12}"
EndProject
Project("{FAE04EC0-301F-11D3-BF4B-00C04F79EFBC}") = "PcMetrics.Test", "PcMetrics.Test\PcMetrics.Test.csproj", "{CE4DDEDC-387D-48BA-A384-ACE828E0C39B}"
EndProject
Project("{FAE04EC0-301F-11D3-BF4B-00C04F79EFBC}") = "Agent", "Agent\Agent.csproj", "{EFCB7701-3F35-4B13-998A-3BF3914B122E}"
EndProject
Global
	GlobalSection(SolutionConfigurationPlatforms) = preSolution
		Debug|Any CPU = Debug|Any CPU
		Release|Any CPU = Release|Any CPU
	EndGlobalSection
	GlobalSection(ProjectConfigurationPlatforms) = postSolution
		{7ABE29D1-9271-4F77-8F52-6FA41E7F8A12}.Debug|Any CPU.ActiveCfg = Debug|Any CPU
		{7ABE29D1-9271-4F77-8F52-6FA41E7F8A12}.Debug|Any CPU.Build.0 = Debug|Any CPU
		{7ABE29D1-9271-4F77-8F52-6FA41E7F8A12}.Release|Any CPU.ActiveCfg = Release|Any CPU
		{7ABE29D1-9271-4F77-8F52-6FA41E7F8A12}.Release|Any CPU.Build.0 = Release|Any CPU
		{CE4DDEDC-387D-48BA-A384-ACE828E0C39B}.Debug|Any CPU.ActiveCfg = Debug|Any CPU
		{CE4DDEDC-387D-48BA-A384-ACE828E0C39B}.Debug|Any CPU.Build.0 = Debug|Any CPU
		{CE4DDEDC-387D-48BA-A384-ACE828E0C39B}.Release|Any CPU.ActiveCfg = Release|Any CPU
		{CE4DDEDC-387D-48BA-A384-ACE828E0C39B}.Release|Any CPU.Build.0 = Release|Any CPU
		{EFCB7701-3F35-4B13-998A-3BF3914B122E}.Debug|Any CPU.ActiveCfg = Debug|Any CPU
		{EFCB7701-3F35-4B13-998A-3BF3914B122E}.Debug|Any CPU.Build.0 = Debug|Any CPU
		{EFCB7701-3F35-4B13-998A-3BF3914B122E}.Release|Any CPU.ActiveCfg = Release|Any CPU
		{EFCB7701-3F35-4B13-998A-3BF3914B122E}.Release|Any CPU.Build.0 = Release|Any CPU
	EndGlobalSection
	GlobalSection(SolutionProperties) = preSolution
		HideSolutionNode = FALSE
	EndGlobalSection
	GlobalSection(ExtensibilityGlobals) = postSolution
		SolutionGuid = {48E0D813-834C-4AA4-A9F4-5DC299E81DE7}
	EndGlobalSection
EndGlobal
